
Microsoft Visual Studio Solution File, Format Version 12.00
# Visual Studio Version 17
VisualStudioVersion = 17.4.33213.308
MinimumVisualStudioVersion = 10.0.40219.1
Project("{FAE04EC0-301F-11D3-BF4B-00C04F79EFBC}") = "Homework1", "Homework1\Homework1.csproj", "{3973B0D5-9925-4E04-B3F2-518485732E3B}"
EndProject
Global
	GlobalSection(SolutionConfigurationPlatforms) = preSolution
		Debug|Any CPU = Debug|Any CPU
		Release|Any CPU = Release|Any CPU
	EndGlobalSection
	GlobalSection(ProjectConfigurationPlatforms) = postSolution
		{3973B0D5-9925-4E04-B3F2-518485732E3B}.Debug|Any CPU.ActiveCfg = Debug|Any CPU
		{3973B0D5-9925-4E04-B3F2-518485732E3B}.Debug|Any CPU.Build.0 = Debug|Any CPU
		{3973B0D5-9925-4E04-B3F2-518485732E3B}.Release|Any CPU.ActiveCfg = Release|Any CPU
		{3973B0D5-9925-4E04-B3F2-518485732E3B}.Release|Any CPU.Build.0 = Release|Any CPU
	EndGlobalSection
	GlobalSection(SolutionProperties) = preSolution
		HideSolutionNode = FALSE
	EndGlobalSection
	GlobalSection(ExtensibilityGlobals) = postSolution
		SolutionGuid = {C258A5F8-AE6D-415C-ACF5-8F0D2A8262B9}
	EndGlobalSection
EndGlobal
